
Microsoft Visual Studio Solution File, Format Version 12.00
# Visual Studio Version 17
VisualStudioVersion = 17.7.34003.232
MinimumVisualStudioVersion = 10.0.40219.1
Project("{FAE04EC0-301F-11D3-BF4B-00C04F79EFBC}") = "CRUDWebAPI", "CRUDWebAPI\CRUDWebAPI.csproj", "{D04689BD-31DA-40AF-BE5A-6B992B634C2B}"
EndProject
Global
	GlobalSection(SolutionConfigurationPlatforms) = preSolution
		Debug|Any CPU = Debug|Any CPU
		Release|Any CPU = Release|Any CPU
	EndGlobalSection
	GlobalSection(ProjectConfigurationPlatforms) = postSolution
		{D04689BD-31DA-40AF-BE5A-6B992B634C2B}.Debug|Any CPU.ActiveCfg = Debug|Any CPU
		{D04689BD-31DA-40AF-BE5A-6B992B634C2B}.Debug|Any CPU.Build.0 = Debug|Any CPU
		{D04689BD-31DA-40AF-BE5A-6B992B634C2B}.Release|Any CPU.ActiveCfg = Release|Any CPU
		{D04689BD-31DA-40AF-BE5A-6B992B634C2B}.Release|Any CPU.Build.0 = Release|Any CPU
	EndGlobalSection
	GlobalSection(SolutionProperties) = preSolution
		HideSolutionNode = FALSE
	EndGlobalSection
	GlobalSection(ExtensibilityGlobals) = postSolution
		SolutionGuid = {C82407A6-27CB-4664-B4C7-EABFE91B5128}
	EndGlobalSection
EndGlobal
